// !$*UTF8*$!
{
	archiveVersion = 1;
	classes = {
	};
	objectVersion = 55;
	objects = {

/* Begin PBXBuildFile section */
		C028F4612777B12700775206 /* FilmLogApp.swift in Sources */ = {isa = PBXBuildFile; fileRef = C028F4602777B12700775206 /* FilmLogApp.swift */; };
		C028F4632777B12700775206 /* ContentView.swift in Sources */ = {isa = PBXBuildFile; fileRef = C028F4622777B12700775206 /* ContentView.swift */; };
		C028F4652777B12800775206 /* Assets.xcassets in Resources */ = {isa = PBXBuildFile; fileRef = C028F4642777B12800775206 /* Assets.xcassets */; };
		C028F4682777B12800775206 /* Preview Assets.xcassets in Resources */ = {isa = PBXBuildFile; fileRef = C028F4672777B12800775206 /* Preview Assets.xcassets */; };
		C028F46A2777B12800775206 /* Persistence.swift in Sources */ = {isa = PBXBuildFile; fileRef = C028F4692777B12800775206 /* Persistence.swift */; };
		C028F46D2777B12800775206 /* FilmLog.xcdatamodeld in Sources */ = {isa = PBXBuildFile; fileRef = C028F46B2777B12800775206 /* FilmLog.xcdatamodeld */; };
		C028F4742777DD2800775206 /* StockList.swift in Sources */ = {isa = PBXBuildFile; fileRef = C028F4732777DD2800775206 /* StockList.swift */; };
		C028F4762777DDAF00775206 /* Models.swift in Sources */ = {isa = PBXBuildFile; fileRef = C028F4752777DDAF00775206 /* Models.swift */; };
		C028F4782777DE5F00775206 /* SampleData.swift in Sources */ = {isa = PBXBuildFile; fileRef = C028F4772777DE5F00775206 /* SampleData.swift */; };
		C028F47B2777E88800775206 /* Utils.swift in Sources */ = {isa = PBXBuildFile; fileRef = C028F47A2777E88800775206 /* Utils.swift */; };
		C028F47D2777EEB300775206 /* AddStock.swift in Sources */ = {isa = PBXBuildFile; fileRef = C028F47C2777EEB300775206 /* AddStock.swift */; };
/* End PBXBuildFile section */

/* Begin PBXFileReference section */
		C028F45D2777B12700775206 /* FilmLog.app */ = {isa = PBXFileReference; explicitFileType = wrapper.application; includeInIndex = 0; path = FilmLog.app; sourceTree = BUILT_PRODUCTS_DIR; };
		C028F4602777B12700775206 /* FilmLogApp.swift */ = {isa = PBXFileReference; lastKnownFileType = sourcecode.swift; path = FilmLogApp.swift; sourceTree = "<group>"; };
		C028F4622777B12700775206 /* ContentView.swift */ = {isa = PBXFileReference; lastKnownFileType = sourcecode.swift; path = ContentView.swift; sourceTree = "<group>"; };
		C028F4642777B12800775206 /* Assets.xcassets */ = {isa = PBXFileReference; lastKnownFileType = folder.assetcatalog; path = Assets.xcassets; sourceTree = "<group>"; };
		C028F4672777B12800775206 /* Preview Assets.xcassets */ = {isa = PBXFileReference; lastKnownFileType = folder.assetcatalog; path = "Preview Assets.xcassets"; sourceTree = "<group>"; };
		C028F4692777B12800775206 /* Persistence.swift */ = {isa = PBXFileReference; lastKnownFileType = sourcecode.swift; path = Persistence.swift; sourceTree = "<group>"; };
		C028F46C2777B12800775206 /* FilmLog.xcdatamodel */ = {isa = PBXFileReference; lastKnownFileType = wrapper.xcdatamodel; path = FilmLog.xcdatamodel; sourceTree = "<group>"; };
		C028F4732777DD2800775206 /* StockList.swift */ = {isa = PBXFileReference; lastKnownFileType = sourcecode.swift; path = StockList.swift; sourceTree = "<group>"; };
		C028F4752777DDAF00775206 /* Models.swift */ = {isa = PBXFileReference; lastKnownFileType = sourcecode.swift; path = Models.swift; sourceTree = "<group>"; };
		C028F4772777DE5F00775206 /* SampleData.swift */ = {isa = PBXFileReference; lastKnownFileType = sourcecode.swift; path = SampleData.swift; sourceTree = "<group>"; };
		C028F47A2777E88800775206 /* Utils.swift */ = {isa = PBXFileReference; lastKnownFileType = sourcecode.swift; path = Utils.swift; sourceTree = "<group>"; };
		C028F47C2777EEB300775206 /* AddStock.swift */ = {isa = PBXFileReference; lastKnownFileType = sourcecode.swift; path = AddStock.swift; sourceTree = "<group>"; };
/* End PBXFileReference section */

/* Begin PBXFrameworksBuildPhase section */
		C028F45A2777B12700775206 /* Frameworks */ = {
			isa = PBXFrameworksBuildPhase;
			buildActionMask = 2147483647;
			files = (
			);
			runOnlyForDeploymentPostprocessing = 0;
		};
/* End PBXFrameworksBuildPhase section */

/* Begin PBXGroup section */
		C028F4542777B12700775206 = {
			isa = PBXGroup;
			children = (
				C028F45F2777B12700775206 /* FilmLog */,
				C028F45E2777B12700775206 /* Products */,
			);
			sourceTree = "<group>";
		};
		C028F45E2777B12700775206 /* Products */ = {
			isa = PBXGroup;
			children = (
				C028F45D2777B12700775206 /* FilmLog.app */,
			);
			name = Products;
			sourceTree = "<group>";
		};
		C028F45F2777B12700775206 /* FilmLog */ = {
			isa = PBXGroup;
			children = (
				C028F4602777B12700775206 /* FilmLogApp.swift */,
				C028F4622777B12700775206 /* ContentView.swift */,
				C028F4642777B12800775206 /* Assets.xcassets */,
				C028F4692777B12800775206 /* Persistence.swift */,
				C028F46B2777B12800775206 /* FilmLog.xcdatamodeld */,
				C028F4662777B12800775206 /* Preview Content */,
				C028F4732777DD2800775206 /* StockList.swift */,
				C028F4752777DDAF00775206 /* Models.swift */,
				C028F4772777DE5F00775206 /* SampleData.swift */,
				C028F47A2777E88800775206 /* Utils.swift */,
				C028F47C2777EEB300775206 /* AddStock.swift */,
			);
			path = FilmLog;
			sourceTree = "<group>";
		};
		C028F4662777B12800775206 /* Preview Content */ = {
			isa = PBXGroup;
			children = (
				C028F4672777B12800775206 /* Preview Assets.xcassets */,
			);
			path = "Preview Content";
			sourceTree = "<group>";
		};
/* End PBXGroup section */

/* Begin PBXNativeTarget section */
		C028F45C2777B12700775206 /* FilmLog */ = {
			isa = PBXNativeTarget;
			buildConfigurationList = C028F4702777B12800775206 /* Build configuration list for PBXNativeTarget "FilmLog" */;
			buildPhases = (
				C028F4592777B12700775206 /* Sources */,
				C028F45A2777B12700775206 /* Frameworks */,
				C028F45B2777B12700775206 /* Resources */,
			);
			buildRules = (
			);
			dependencies = (
			);
			name = FilmLog;
			productName = FilmLog;
			productReference = C028F45D2777B12700775206 /* FilmLog.app */;
			productType = "com.apple.product-type.application";
		};
/* End PBXNativeTarget section */

/* Begin PBXProject section */
		C028F4552777B12700775206 /* Project object */ = {
			isa = PBXProject;
			attributes = {
				BuildIndependentTargetsInParallel = 1;
				LastSwiftUpdateCheck = 1320;
				LastUpgradeCheck = 1320;
				TargetAttributes = {
					C028F45C2777B12700775206 = {
						CreatedOnToolsVersion = 13.2.1;
					};
				};
			};
			buildConfigurationList = C028F4582777B12700775206 /* Build configuration list for PBXProject "FilmLog" */;
			compatibilityVersion = "Xcode 13.0";
			developmentRegion = en;
			hasScannedForEncodings = 0;
			knownRegions = (
				en,
				Base,
			);
			mainGroup = C028F4542777B12700775206;
			productRefGroup = C028F45E2777B12700775206 /* Products */;
			projectDirPath = "";
			projectRoot = "";
			targets = (
				C028F45C2777B12700775206 /* FilmLog */,
			);
		};
/* End PBXProject section */

/* Begin PBXResourcesBuildPhase section */
		C028F45B2777B12700775206 /* Resources */ = {
			isa = PBXResourcesBuildPhase;
			buildActionMask = 2147483647;
			files = (
				C028F4682777B12800775206 /* Preview Assets.xcassets in Resources */,
				C028F4652777B12800775206 /* Assets.xcassets in Resources */,
			);
			runOnlyForDeploymentPostprocessing = 0;
		};
/* End PBXResourcesBuildPhase section */

/* Begin PBXSourcesBuildPhase section */
		C028F4592777B12700775206 /* Sources */ = {
			isa = PBXSourcesBuildPhase;
			buildActionMask = 2147483647;
			files = (
				C028F46A2777B12800775206 /* Persistence.swift in Sources */,
				C028F4782777DE5F00775206 /* SampleData.swift in Sources */,
				C028F47D2777EEB300775206 /* AddStock.swift in Sources */,
				C028F4632777B12700775206 /* ContentView.swift in Sources */,
				C028F46D2777B12800775206 /* FilmLog.xcdatamodeld in Sources */,
				C028F4612777B12700775206 /* FilmLogApp.swift in Sources */,
				C028F4762777DDAF00775206 /* Models.swift in Sources */,
				C028F4742777DD2800775206 /* StockList.swift in Sources */,
				C028F47B2777E88800775206 /* Utils.swift in Sources */,
			);
			runOnlyForDeploymentPostprocessing = 0;
		};
/* End PBXSourcesBuildPhase section */

/* Begin XCBuildConfiguration section */
		C028F46E2777B12800775206 /* Debug */ = {
			isa = XCBuildConfiguration;
			buildSettings = {
				ALWAYS_SEARCH_USER_PATHS = NO;
				CLANG_ANALYZER_NONNULL = YES;
				CLANG_ANALYZER_NUMBER_OBJECT_CONVERSION = YES_AGGRESSIVE;
				CLANG_CXX_LANGUAGE_STANDARD = "gnu++17";
				CLANG_CXX_LIBRARY = "libc++";
				CLANG_ENABLE_MODULES = YES;
				CLANG_ENABLE_OBJC_ARC = YES;
				CLANG_ENABLE_OBJC_WEAK = YES;
				CLANG_WARN_BLOCK_CAPTURE_AUTORELEASING = YES;
				CLANG_WARN_BOOL_CONVERSION = YES;
				CLANG_WARN_COMMA = YES;
				CLANG_WARN_CONSTANT_CONVERSION = YES;
				CLANG_WARN_DEPRECATED_OBJC_IMPLEMENTATIONS = YES;
				CLANG_WARN_DIRECT_OBJC_ISA_USAGE = YES_ERROR;
				CLANG_WARN_DOCUMENTATION_COMMENTS = YES;
				CLANG_WARN_EMPTY_BODY = YES;
				CLANG_WARN_ENUM_CONVERSION = YES;
				CLANG_WARN_INFINITE_RECURSION = YES;
				CLANG_WARN_INT_CONVERSION = YES;
				CLANG_WARN_NON_LITERAL_NULL_CONVERSION = YES;
				CLANG_WARN_OBJC_IMPLICIT_RETAIN_SELF = YES;
				CLANG_WARN_OBJC_LITERAL_CONVERSION = YES;
				CLANG_WARN_OBJC_ROOT_CLASS = YES_ERROR;
				CLANG_WARN_QUOTED_INCLUDE_IN_FRAMEWORK_HEADER = YES;
				CLANG_WARN_RANGE_LOOP_ANALYSIS = YES;
				CLANG_WARN_STRICT_PROTOTYPES = YES;
				CLANG_WARN_SUSPICIOUS_MOVE = YES;
				CLANG_WARN_UNGUARDED_AVAILABILITY = YES_AGGRESSIVE;
				CLANG_WARN_UNREACHABLE_CODE = YES;
				CLANG_WARN__DUPLICATE_METHOD_MATCH = YES;
				COPY_PHASE_STRIP = NO;
				DEBUG_INFORMATION_FORMAT = dwarf;
				ENABLE_STRICT_OBJC_MSGSEND = YES;
				ENABLE_TESTABILITY = YES;
				GCC_C_LANGUAGE_STANDARD = gnu11;
				GCC_DYNAMIC_NO_PIC = NO;
				GCC_NO_COMMON_BLOCKS = YES;
				GCC_OPTIMIZATION_LEVEL = 0;
				GCC_PREPROCESSOR_DEFINITIONS = (
					"DEBUG=1",
					"$(inherited)",
				);
				GCC_WARN_64_TO_32_BIT_CONVERSION = YES;
				GCC_WARN_ABOUT_RETURN_TYPE = YES_ERROR;
				GCC_WARN_UNDECLARED_SELECTOR = YES;
				GCC_WARN_UNINITIALIZED_AUTOS = YES_AGGRESSIVE;
				GCC_WARN_UNUSED_FUNCTION = YES;
				GCC_WARN_UNUSED_VARIABLE = YES;
				IPHONEOS_DEPLOYMENT_TARGET = 15.2;
				MTL_ENABLE_DEBUG_INFO = INCLUDE_SOURCE;
				MTL_FAST_MATH = YES;
				ONLY_ACTIVE_ARCH = YES;
				SDKROOT = iphoneos;
				SWIFT_ACTIVE_COMPILATION_CONDITIONS = DEBUG;
				SWIFT_OPTIMIZATION_LEVEL = "-Onone";
			};
			name = Debug;
		};
		C028F46F2777B12800775206 /* Release */ = {
			isa = XCBuildConfiguration;
			buildSettings = {
				ALWAYS_SEARCH_USER_PATHS = NO;
				CLANG_ANALYZER_NONNULL = YES;
				CLANG_ANALYZER_NUMBER_OBJECT_CONVERSION = YES_AGGRESSIVE;
				CLANG_CXX_LANGUAGE_STANDARD = "gnu++17";
				CLANG_CXX_LIBRARY = "libc++";
				CLANG_ENABLE_MODULES = YES;
				CLANG_ENABLE_OBJC_ARC = YES;
				CLANG_ENABLE_OBJC_WEAK = YES;
				CLANG_WARN_BLOCK_CAPTURE_AUTORELEASING = YES;
				CLANG_WARN_BOOL_CONVERSION = YES;
				CLANG_WARN_COMMA = YES;
				CLANG_WARN_CONSTANT_CONVERSION = YES;
				CLANG_WARN_DEPRECATED_OBJC_IMPLEMENTATIONS = YES;
				CLANG_WARN_DIRECT_OBJC_ISA_USAGE = YES_ERROR;
				CLANG_WARN_DOCUMENTATION_COMMENTS = YES;
				CLANG_WARN_EMPTY_BODY = YES;
				CLANG_WARN_ENUM_CONVERSION = YES;
				CLANG_WARN_INFINITE_RECURSION = YES;
				CLANG_WARN_INT_CONVERSION = YES;
				CLANG_WARN_NON_LITERAL_NULL_CONVERSION = YES;
				CLANG_WARN_OBJC_IMPLICIT_RETAIN_SELF = YES;
				CLANG_WARN_OBJC_LITERAL_CONVERSION = YES;
				CLANG_WARN_OBJC_ROOT_CLASS = YES_ERROR;
				CLANG_WARN_QUOTED_INCLUDE_IN_FRAMEWORK_HEADER = YES;
				CLANG_WARN_RANGE_LOOP_ANALYSIS = YES;
				CLANG_WARN_STRICT_PROTOTYPES = YES;
				CLANG_WARN_SUSPICIOUS_MOVE = YES;
				CLANG_WARN_UNGUARDED_AVAILABILITY = YES_AGGRESSIVE;
				CLANG_WARN_UNREACHABLE_CODE = YES;
				CLANG_WARN__DUPLICATE_METHOD_MATCH = YES;
				COPY_PHASE_STRIP = NO;
				DEBUG_INFORMATION_FORMAT = "dwarf-with-dsym";
				ENABLE_NS_ASSERTIONS = NO;
				ENABLE_STRICT_OBJC_MSGSEND = YES;
				GCC_C_LANGUAGE_STANDARD = gnu11;
				GCC_NO_COMMON_BLOCKS = YES;
				GCC_WARN_64_TO_32_BIT_CONVERSION = YES;
				GCC_WARN_ABOUT_RETURN_TYPE = YES_ERROR;
				GCC_WARN_UNDECLARED_SELECTOR = YES;
				GCC_WARN_UNINITIALIZED_AUTOS = YES_AGGRESSIVE;
				GCC_WARN_UNUSED_FUNCTION = YES;
				GCC_WARN_UNUSED_VARIABLE = YES;
				IPHONEOS_DEPLOYMENT_TARGET = 15.2;
				MTL_ENABLE_DEBUG_INFO = NO;
				MTL_FAST_MATH = YES;
				SDKROOT = iphoneos;
				SWIFT_COMPILATION_MODE = wholemodule;
				SWIFT_OPTIMIZATION_LEVEL = "-O";
				VALIDATE_PRODUCT = YES;
			};
			name = Release;
		};
		C028F4712777B12800775206 /* Debug */ = {
			isa = XCBuildConfiguration;
			buildSettings = {
				ASSETCATALOG_COMPILER_APPICON_NAME = AppIcon;
				ASSETCATALOG_COMPILER_GLOBAL_ACCENT_COLOR_NAME = AccentColor;
				CODE_SIGN_STYLE = Automatic;
				CURRENT_PROJECT_VERSION = 1;
				DEVELOPMENT_ASSET_PATHS = "\"FilmLog/Preview Content\"";
				DEVELOPMENT_TEAM = H772T9VEX6;
				ENABLE_PREVIEWS = YES;
				GENERATE_INFOPLIST_FILE = YES;
				INFOPLIST_KEY_UIApplicationSceneManifest_Generation = YES;
				INFOPLIST_KEY_UIApplicationSupportsIndirectInputEvents = YES;
				INFOPLIST_KEY_UILaunchScreen_Generation = YES;
				INFOPLIST_KEY_UISupportedInterfaceOrientations_iPad = "UIInterfaceOrientationPortrait UIInterfaceOrientationPortraitUpsideDown UIInterfaceOrientationLandscapeLeft UIInterfaceOrientationLandscapeRight";
				INFOPLIST_KEY_UISupportedInterfaceOrientations_iPhone = "UIInterfaceOrientationPortrait UIInterfaceOrientationLandscapeLeft UIInterfaceOrientationLandscapeRight";
				LD_RUNPATH_SEARCH_PATHS = (
					"$(inherited)",
					"@executable_path/Frameworks",
				);
				MARKETING_VERSION = 1.0;
				PRODUCT_BUNDLE_IDENTIFIER = com.aroonnarayanan.FilmLog;
				PRODUCT_NAME = "$(TARGET_NAME)";
				SWIFT_EMIT_LOC_STRINGS = YES;
				SWIFT_VERSION = 5.0;
				TARGETED_DEVICE_FAMILY = "1,2";
			};
			name = Debug;
		};
		C028F4722777B12800775206 /* Release */ = {
			isa = XCBuildConfiguration;
			buildSettings = {
				ASSETCATALOG_COMPILER_APPICON_NAME = AppIcon;
				ASSETCATALOG_COMPILER_GLOBAL_ACCENT_COLOR_NAME = AccentColor;
				CODE_SIGN_STYLE = Automatic;
				CURRENT_PROJECT_VERSION = 1;
				DEVELOPMENT_ASSET_PATHS = "\"FilmLog/Preview Content\"";
				DEVELOPMENT_TEAM = H772T9VEX6;
				ENABLE_PREVIEWS = YES;
				GENERATE_INFOPLIST_FILE = YES;
				INFOPLIST_KEY_UIApplicationSceneManifest_Generation = YES;
				INFOPLIST_KEY_UIApplicationSupportsIndirectInputEvents = YES;
				INFOPLIST_KEY_UILaunchScreen_Generation = YES;
				INFOPLIST_KEY_UISupportedInterfaceOrientations_iPad = "UIInterfaceOrientationPortrait UIInterfaceOrientationPortraitUpsideDown UIInterfaceOrientationLandscapeLeft UIInterfaceOrientationLandscapeRight";
				INFOPLIST_KEY_UISupportedInterfaceOrientations_iPhone = "UIInterfaceOrientationPortrait UIInterfaceOrientationLandscapeLeft UIInterfaceOrientationLandscapeRight";
				LD_RUNPATH_SEARCH_PATHS = (
					"$(inherited)",
					"@executable_path/Frameworks",
				);
				MARKETING_VERSION = 1.0;
				PRODUCT_BUNDLE_IDENTIFIER = com.aroonnarayanan.FilmLog;
				PRODUCT_NAME = "$(TARGET_NAME)";
				SWIFT_EMIT_LOC_STRINGS = YES;
				SWIFT_VERSION = 5.0;
				TARGETED_DEVICE_FAMILY = "1,2";
			};
			name = Release;
		};
/* End XCBuildConfiguration section */

/* Begin XCConfigurationList section */
		C028F4582777B12700775206 /* Build configuration list for PBXProject "FilmLog" */ = {
			isa = XCConfigurationList;
			buildConfigurations = (
				C028F46E2777B12800775206 /* Debug */,
				C028F46F2777B12800775206 /* Release */,
			);
			defaultConfigurationIsVisible = 0;
			defaultConfigurationName = Release;
		};
		C028F4702777B12800775206 /* Build configuration list for PBXNativeTarget "FilmLog" */ = {
			isa = XCConfigurationList;
			buildConfigurations = (
				C028F4712777B12800775206 /* Debug */,
				C028F4722777B12800775206 /* Release */,
			);
			defaultConfigurationIsVisible = 0;
			defaultConfigurationName = Release;
		};
/* End XCConfigurationList section */

/* Begin XCVersionGroup section */
		C028F46B2777B12800775206 /* FilmLog.xcdatamodeld */ = {
			isa = XCVersionGroup;
			children = (
				C028F46C2777B12800775206 /* FilmLog.xcdatamodel */,
			);
			currentVersion = C028F46C2777B12800775206 /* FilmLog.xcdatamodel */;
			path = FilmLog.xcdatamodeld;
			sourceTree = "<group>";
			versionGroupType = wrapper.xcdatamodel;
		};
/* End XCVersionGroup section */
	};
	rootObject = C028F4552777B12700775206 /* Project object */;
}
